
Microsoft Visual Studio Solution File, Format Version 12.00
# Visual Studio Version 17
VisualStudioVersion = 17.5.002.0
MinimumVisualStudioVersion = 10.0.40219.1
Project("{9A19103F-16F7-4668-BE54-9A1E7A4F7556}") = "SentimentModel", "SentimentModel.csproj", "{A153A639-5F5A-44E2-BE5E-F1165E34290A}"
EndProject
Global
	GlobalSection(SolutionConfigurationPlatforms) = preSolution
		Debug|Any CPU = Debug|Any CPU
		Release|Any CPU = Release|Any CPU
	EndGlobalSection
	GlobalSection(ProjectConfigurationPlatforms) = postSolution
		{A153A639-5F5A-44E2-BE5E-F1165E34290A}.Debug|Any CPU.ActiveCfg = Debug|Any CPU
		{A153A639-5F5A-44E2-BE5E-F1165E34290A}.Debug|Any CPU.Build.0 = Debug|Any CPU
		{A153A639-5F5A-44E2-BE5E-F1165E34290A}.Release|Any CPU.ActiveCfg = Release|Any CPU
		{A153A639-5F5A-44E2-BE5E-F1165E34290A}.Release|Any CPU.Build.0 = Release|Any CPU
	EndGlobalSection
	GlobalSection(SolutionProperties) = preSolution
		HideSolutionNode = FALSE
	EndGlobalSection
	GlobalSection(ExtensibilityGlobals) = postSolution
		SolutionGuid = {713D0B9A-AFA1-4971-894D-C5A925FEEBE7}
	EndGlobalSection
EndGlobal
